
Microsoft Visual Studio Solution File, Format Version 12.00
# Visual Studio 2015
Project("{8BC9CEB8-8B4A-11D0-8D11-00A0C91BC942}") = "CinderParticles1", "CinderParticles1.vcxproj", "{E0E868F1-04D2-41A1-93E6-6A580DEA8961}"
EndProject
Global
	GlobalSection(SolutionConfigurationPlatforms) = preSolution
		Debug|Win32 = Debug|Win32
		Release|Win32 = Release|Win32
	EndGlobalSection
	GlobalSection(ProjectConfigurationPlatforms) = postSolution
		{E0E868F1-04D2-41A1-93E6-6A580DEA8961}.Debug|Win32.ActiveCfg = Debug|Win32
		{E0E868F1-04D2-41A1-93E6-6A580DEA8961}.Debug|Win32.Build.0 = Debug|Win32
		{E0E868F1-04D2-41A1-93E6-6A580DEA8961}.Release|Win32.ActiveCfg = Release|Win32
		{E0E868F1-04D2-41A1-93E6-6A580DEA8961}.Release|Win32.Build.0 = Release|Win32
	EndGlobalSection
	GlobalSection(SolutionProperties) = preSolution
		HideSolutionNode = FALSE
	EndGlobalSection
EndGlobal
